// !$*UTF8*$!
{
	archiveVersion = 1;
	classes = {
	};
	objectVersion = 46;
	objects = {

/* Begin PBXBuildFile section */
		7EECE138099170271ED13ADA /* AppDelegate.m in Sources */ = {isa = PBXBuildFile; fileRef = 7EECEEA60E0AD4C51B23925C /* AppDelegate.m */; };
		7EECE5714A232350881899C7 /* main.m in Sources */ = {isa = PBXBuildFile; fileRef = 7EECED01E3942016FB98A10B /* main.m */; };
		7EECE7D6C228966EDF3FA3AD /* Images.xcassets in Resources */ = {isa = PBXBuildFile; fileRef = 7EECE3407CAA87B68355ADE9 /* Images.xcassets */; };
		7EECE8FC21F59AF6FC515458 /* ViewController.m in Sources */ = {isa = PBXBuildFile; fileRef = 7EECE5AAC524545C2F2809F7 /* ViewController.m */; };
		7EECEBEAC22F6A2CDD483F25 /* MatchismoTests.m in Sources */ = {isa = PBXBuildFile; fileRef = 7EECEB3FB3988997A4DD7A0C /* MatchismoTests.m */; };
		7EECEC96BEF0C37246BA3453 /* Main.storyboard in Resources */ = {isa = PBXBuildFile; fileRef = 7EECE2BE8F7BE799D7DCB389 /* Main.storyboard */; };
		7EECED1C8F7DB050296E2E10 /* LaunchScreen.xib in Resources */ = {isa = PBXBuildFile; fileRef = 7EECEDC5A49F70ACCBB0E77A /* LaunchScreen.xib */; };
/* End PBXBuildFile section */

/* Begin PBXContainerItemProxy section */
		7EECE8CE5AC4CC7D709C9958 /* PBXContainerItemProxy */ = {
			isa = PBXContainerItemProxy;
			containerPortal = 7EECED78A56C0AF15E9C8984 /* Project object */;
			proxyType = 1;
			remoteGlobalIDString = 7EECE95DC668EDE0DD3F3234;
			remoteInfo = Matchismo;
		};
/* End PBXContainerItemProxy section */

/* Begin PBXFileReference section */
		7EECE10B8A2B0738ED1170F6 /* AppDelegate.h */ = {isa = PBXFileReference; lastKnownFileType = sourcecode.c.h; path = AppDelegate.h; sourceTree = "<group>"; };
		7EECE209631E0E07B53231B6 /* Info.plist */ = {isa = PBXFileReference; lastKnownFileType = text.plist.info; path = Info.plist; sourceTree = "<group>"; };
		7EECE3407CAA87B68355ADE9 /* Images.xcassets */ = {isa = PBXFileReference; lastKnownFileType = folder.assetcatalog; path = Images.xcassets; sourceTree = "<group>"; };
		7EECE5AAC524545C2F2809F7 /* ViewController.m */ = {isa = PBXFileReference; lastKnownFileType = sourcecode.c.objc; path = ViewController.m; sourceTree = "<group>"; };
		7EECE62EF2C8BEB2ABFDE485 /* MatchismoTests.xctest */ = {isa = PBXFileReference; explicitFileType = wrapper.cfbundle; includeInIndex = 0; path = MatchismoTests.xctest; sourceTree = BUILT_PRODUCTS_DIR; };
		7EECE649FC244EC12399A984 /* Base */ = {isa = PBXFileReference; lastKnownFileType = file.xib; name = Base; path = Base.lproj/LaunchScreen.xib; sourceTree = "<group>"; };
		7EECE67C4BB7CB868F3BCB6B /* Info.plist */ = {isa = PBXFileReference; lastKnownFileType = text.plist.info; path = Info.plist; sourceTree = "<group>"; };
		7EECE8AF5C10F90CAEF459CC /* Base */ = {isa = PBXFileReference; lastKnownFileType = file.storyboard; name = Base; path = Base.lproj/Main.storyboard; sourceTree = "<group>"; };
		7EECEB3FB3988997A4DD7A0C /* MatchismoTests.m */ = {isa = PBXFileReference; lastKnownFileType = sourcecode.c.objc; path = MatchismoTests.m; sourceTree = "<group>"; };
		7EECEBA6EA8C931A40C4F253 /* ViewController.h */ = {isa = PBXFileReference; lastKnownFileType = sourcecode.c.h; path = ViewController.h; sourceTree = "<group>"; };
		7EECED01E3942016FB98A10B /* main.m */ = {isa = PBXFileReference; lastKnownFileType = sourcecode.c.objc; path = main.m; sourceTree = "<group>"; };
		7EECEE6EA78F752DC4CC246E /* Matchismo.app */ = {isa = PBXFileReference; explicitFileType = wrapper.application; includeInIndex = 0; path = Matchismo.app; sourceTree = BUILT_PRODUCTS_DIR; };
		7EECEEA60E0AD4C51B23925C /* AppDelegate.m */ = {isa = PBXFileReference; lastKnownFileType = sourcecode.c.objc; path = AppDelegate.m; sourceTree = "<group>"; };
/* End PBXFileReference section */

/* Begin PBXFrameworksBuildPhase section */
		7EECE8A42A6453F9483350D7 /* Frameworks */ = {
			isa = PBXFrameworksBuildPhase;
			buildActionMask = 2147483647;
			files = (
			);
			runOnlyForDeploymentPostprocessing = 0;
		};
		7EECEEAFC71FA968A4A28F24 /* Frameworks */ = {
			isa = PBXFrameworksBuildPhase;
			buildActionMask = 2147483647;
			files = (
			);
			runOnlyForDeploymentPostprocessing = 0;
		};
/* End PBXFrameworksBuildPhase section */

/* Begin PBXGroup section */
		7EECE31E1420AA8386B055E2 /* Supporting Files */ = {
			isa = PBXGroup;
			children = (
				7EECE67C4BB7CB868F3BCB6B /* Info.plist */,
				7EECED01E3942016FB98A10B /* main.m */,
			);
			name = "Supporting Files";
			sourceTree = "<group>";
		};
		7EECE4CD62F8C7A11838CCCB /* Products */ = {
			isa = PBXGroup;
			children = (
				7EECEE6EA78F752DC4CC246E /* Matchismo.app */,
				7EECE62EF2C8BEB2ABFDE485 /* MatchismoTests.xctest */,
			);
			name = Products;
			sourceTree = "<group>";
		};
		7EECE6DCA552046A450FF391 /* MatchismoTests */ = {
			isa = PBXGroup;
			children = (
				7EECED242BD791EA4C9E3082 /* Supporting Files */,
				7EECEB3FB3988997A4DD7A0C /* MatchismoTests.m */,
			);
			path = MatchismoTests;
			sourceTree = "<group>";
		};
		7EECE8142E879D4325FDF4A1 /* Matchismo */ = {
			isa = PBXGroup;
			children = (
				7EECE31E1420AA8386B055E2 /* Supporting Files */,
				7EECE3407CAA87B68355ADE9 /* Images.xcassets */,
				7EECEDC5A49F70ACCBB0E77A /* LaunchScreen.xib */,
				7EECE10B8A2B0738ED1170F6 /* AppDelegate.h */,
				7EECEEA60E0AD4C51B23925C /* AppDelegate.m */,
				7EECE2BE8F7BE799D7DCB389 /* Main.storyboard */,
				7EECEBA6EA8C931A40C4F253 /* ViewController.h */,
				7EECE5AAC524545C2F2809F7 /* ViewController.m */,
			);
			path = Matchismo;
			sourceTree = "<group>";
		};
		7EECEA1D266194614CAD2A69 = {
			isa = PBXGroup;
			children = (
				7EECE4CD62F8C7A11838CCCB /* Products */,
				7EECE8142E879D4325FDF4A1 /* Matchismo */,
				7EECE6DCA552046A450FF391 /* MatchismoTests */,
			);
			sourceTree = "<group>";
		};
		7EECED242BD791EA4C9E3082 /* Supporting Files */ = {
			isa = PBXGroup;
			children = (
				7EECE209631E0E07B53231B6 /* Info.plist */,
			);
			name = "Supporting Files";
			sourceTree = "<group>";
		};
/* End PBXGroup section */

/* Begin PBXNativeTarget section */
		7EECE2C7923B2E3540413240 /* MatchismoTests */ = {
			isa = PBXNativeTarget;
			buildConfigurationList = 7EECE8EE962950122FB90ADF /* Build configuration list for PBXNativeTarget "MatchismoTests" */;
			buildPhases = (
				7EECEC667F3567D28BEAF0C5 /* Sources */,
				7EECEEAFC71FA968A4A28F24 /* Frameworks */,
				7EECEA40D1F2061052CE3575 /* Resources */,
			);
			buildRules = (
			);
			dependencies = (
				7EECE392A5A6FB3813C9C95E /* PBXTargetDependency */,
			);
			name = MatchismoTests;
			productName = MatchismoTests;
			productReference = 7EECE62EF2C8BEB2ABFDE485 /* MatchismoTests.xctest */;
			productType = "com.apple.product-type.bundle.unit-test";
		};
		7EECE95DC668EDE0DD3F3234 /* Matchismo */ = {
			isa = PBXNativeTarget;
			buildConfigurationList = 7EECEAA8F651D8BDE2ECB634 /* Build configuration list for PBXNativeTarget "Matchismo" */;
			buildPhases = (
				7EECE6CC6BCDC6C1177D616F /* Sources */,
				7EECE8A42A6453F9483350D7 /* Frameworks */,
				7EECE29BBC720F7D81D38DF1 /* Resources */,
			);
			buildRules = (
			);
			dependencies = (
			);
			name = Matchismo;
			productName = Matchismo;
			productReference = 7EECEE6EA78F752DC4CC246E /* Matchismo.app */;
			productType = "com.apple.product-type.application";
		};
/* End PBXNativeTarget section */

/* Begin PBXProject section */
		7EECED78A56C0AF15E9C8984 /* Project object */ = {
			isa = PBXProject;
			attributes = {
				ORGANIZATIONNAME = noorg;
			};
			buildConfigurationList = 7EECE1A13D69E17A5A7F8288 /* Build configuration list for PBXProject "Matchismo" */;
			compatibilityVersion = "Xcode 3.2";
			developmentRegion = English;
			hasScannedForEncodings = 0;
			knownRegions = (
				en,
			);
			mainGroup = 7EECEA1D266194614CAD2A69;
			productRefGroup = 7EECE4CD62F8C7A11838CCCB /* Products */;
			projectDirPath = "";
			projectRoot = "";
			targets = (
				7EECE95DC668EDE0DD3F3234 /* Matchismo */,
				7EECE2C7923B2E3540413240 /* MatchismoTests */,
			);
		};
/* End PBXProject section */

/* Begin PBXResourcesBuildPhase section */
		7EECE29BBC720F7D81D38DF1 /* Resources */ = {
			isa = PBXResourcesBuildPhase;
			buildActionMask = 2147483647;
			files = (
				7EECE7D6C228966EDF3FA3AD /* Images.xcassets in Resources */,
				7EECED1C8F7DB050296E2E10 /* LaunchScreen.xib in Resources */,
				7EECEC96BEF0C37246BA3453 /* Main.storyboard in Resources */,
			);
			runOnlyForDeploymentPostprocessing = 0;
		};
		7EECEA40D1F2061052CE3575 /* Resources */ = {
			isa = PBXResourcesBuildPhase;
			buildActionMask = 2147483647;
			files = (
			);
			runOnlyForDeploymentPostprocessing = 0;
		};
/* End PBXResourcesBuildPhase section */

/* Begin PBXSourcesBuildPhase section */
		7EECE6CC6BCDC6C1177D616F /* Sources */ = {
			isa = PBXSourcesBuildPhase;
			buildActionMask = 2147483647;
			files = (
				7EECE5714A232350881899C7 /* main.m in Sources */,
				7EECE138099170271ED13ADA /* AppDelegate.m in Sources */,
				7EECE8FC21F59AF6FC515458 /* ViewController.m in Sources */,
			);
			runOnlyForDeploymentPostprocessing = 0;
		};
		7EECEC667F3567D28BEAF0C5 /* Sources */ = {
			isa = PBXSourcesBuildPhase;
			buildActionMask = 2147483647;
			files = (
				7EECEBEAC22F6A2CDD483F25 /* MatchismoTests.m in Sources */,
			);
			runOnlyForDeploymentPostprocessing = 0;
		};
/* End PBXSourcesBuildPhase section */

/* Begin PBXTargetDependency section */
		7EECE392A5A6FB3813C9C95E /* PBXTargetDependency */ = {
			isa = PBXTargetDependency;
			target = 7EECE95DC668EDE0DD3F3234 /* Matchismo */;
			targetProxy = 7EECE8CE5AC4CC7D709C9958 /* PBXContainerItemProxy */;
		};
/* End PBXTargetDependency section */

/* Begin PBXVariantGroup section */
		7EECE2BE8F7BE799D7DCB389 /* Main.storyboard */ = {
			isa = PBXVariantGroup;
			children = (
				7EECE8AF5C10F90CAEF459CC /* Base */,
			);
			name = Main.storyboard;
			sourceTree = "<group>";
		};
		7EECEDC5A49F70ACCBB0E77A /* LaunchScreen.xib */ = {
			isa = PBXVariantGroup;
			children = (
				7EECE649FC244EC12399A984 /* Base */,
			);
			name = LaunchScreen.xib;
			sourceTree = "<group>";
		};
/* End PBXVariantGroup section */

/* Begin XCBuildConfiguration section */
		7EECE094032669378FD6CE01 /* Release */ = {
			isa = XCBuildConfiguration;
			buildSettings = {
				ASSETCATALOG_COMPILER_APPICON_NAME = AppIcon;
				INFOPLIST_FILE = Matchismo/Info.plist;
				LD_RUNPATH_SEARCH_PATHS = "$(inherited) @executable_path/Frameworks";
				PRODUCT_NAME = "$(TARGET_NAME)";
			};
			name = Release;
		};
		7EECE2C665F6F967751EC9FC /* Debug */ = {
			isa = XCBuildConfiguration;
			buildSettings = {
				BUNDLE_LOADER = "$(BUILT_PRODUCTS_DIR)/Matchismo.app/Matchismo";
				FRAMEWORK_SEARCH_PATHS = (
					"$(SDKROOT)/Developer/Library/Frameworks",
					"$(inherited)",
				);
				INFOPLIST_FILE = MatchismoTests/Info.plist;
				LD_RUNPATH_SEARCH_PATHS = "$(inherited) @executable_path/Frameworks @loader_path/Frameworks";
				PRODUCT_NAME = "$(TARGET_NAME)";
				TEST_HOST = "$(BUNDLE_LOADER)";
			};
			name = Debug;
		};
		7EECE61621A08D294757842B /* Debug */ = {
			isa = XCBuildConfiguration;
			buildSettings = {
				ASSETCATALOG_COMPILER_APPICON_NAME = AppIcon;
				INFOPLIST_FILE = Matchismo/Info.plist;
				LD_RUNPATH_SEARCH_PATHS = "$(inherited) @executable_path/Frameworks";
				PRODUCT_NAME = "$(TARGET_NAME)";
			};
			name = Debug;
		};
		7EECE640884B53B0A5462FD6 /* Release */ = {
			isa = XCBuildConfiguration;
			buildSettings = {
				BUNDLE_LOADER = "$(BUILT_PRODUCTS_DIR)/Matchismo.app/Matchismo";
				FRAMEWORK_SEARCH_PATHS = (
					"$(SDKROOT)/Developer/Library/Frameworks",
					"$(inherited)",
				);
				INFOPLIST_FILE = MatchismoTests/Info.plist;
				LD_RUNPATH_SEARCH_PATHS = "$(inherited) @executable_path/Frameworks @loader_path/Frameworks";
				PRODUCT_NAME = "$(TARGET_NAME)";
				TEST_HOST = "$(BUNDLE_LOADER)";
			};
			name = Release;
		};
		7EECEB6834E615F5F4CD8806 /* Release */ = {
			isa = XCBuildConfiguration;
			buildSettings = {
				ALWAYS_SEARCH_USER_PATHS = NO;
				CLANG_CXX_LANGUAGE_STANDARD = "gnu++0x";
				CLANG_CXX_LIBRARY = "libc++";
				CLANG_ENABLE_MODULES = YES;
				CLANG_ENABLE_OBJC_ARC = YES;
				CLANG_WARN_BOOL_CONVERSION = YES;
				CLANG_WARN_CONSTANT_CONVERSION = YES;
				CLANG_WARN_DIRECT_OBJC_ISA_USAGE = YES_ERROR;
				CLANG_WARN_EMPTY_BODY = YES;
				CLANG_WARN_ENUM_CONVERSION = YES;
				CLANG_WARN_INT_CONVERSION = YES;
				CLANG_WARN_OBJC_ROOT_CLASS = YES_ERROR;
				CLANG_WARN_UNREACHABLE_CODE = YES;
				CLANG_WARN__DUPLICATE_METHOD_MATCH = YES;
				"CODE_SIGN_IDENTITY[sdk=iphoneos*]" = "iPhone Developer";
				COPY_PHASE_STRIP = YES;
				ENABLE_NS_ASSERTIONS = NO;
				ENABLE_STRICT_OBJC_MSGSEND = YES;
				GCC_C_LANGUAGE_STANDARD = gnu99;
				GCC_WARN_64_TO_32_BIT_CONVERSION = YES;
				GCC_WARN_ABOUT_RETURN_TYPE = YES_ERROR;
				GCC_WARN_UNDECLARED_SELECTOR = YES;
				GCC_WARN_UNINITIALIZED_AUTOS = YES_AGGRESSIVE;
				GCC_WARN_UNUSED_FUNCTION = YES;
				GCC_WARN_UNUSED_VARIABLE = YES;
				IPHONEOS_DEPLOYMENT_TARGET = 8.1;
				MTL_ENABLE_DEBUG_INFO = NO;
				SDKROOT = iphoneos;
				VALIDATE_PRODUCT = YES;
			};
			name = Release;
		};
		7EECEFB9176C00DCE7091F2D /* Debug */ = {
			isa = XCBuildConfiguration;
			buildSettings = {
				ALWAYS_SEARCH_USER_PATHS = NO;
				CLANG_CXX_LANGUAGE_STANDARD = "gnu++0x";
				CLANG_CXX_LIBRARY = "libc++";
				CLANG_ENABLE_MODULES = YES;
				CLANG_ENABLE_OBJC_ARC = YES;
				CLANG_WARN_BOOL_CONVERSION = YES;
				CLANG_WARN_CONSTANT_CONVERSION = YES;
				CLANG_WARN_DIRECT_OBJC_ISA_USAGE = YES_ERROR;
				CLANG_WARN_EMPTY_BODY = YES;
				CLANG_WARN_ENUM_CONVERSION = YES;
				CLANG_WARN_INT_CONVERSION = YES;
				CLANG_WARN_OBJC_ROOT_CLASS = YES_ERROR;
				CLANG_WARN_UNREACHABLE_CODE = YES;
				CLANG_WARN__DUPLICATE_METHOD_MATCH = YES;
				"CODE_SIGN_IDENTITY[sdk=iphoneos*]" = "iPhone Developer";
				COPY_PHASE_STRIP = NO;
				ENABLE_STRICT_OBJC_MSGSEND = YES;
				GCC_C_LANGUAGE_STANDARD = gnu99;
				GCC_DYNAMIC_NO_PIC = NO;
				GCC_OPTIMIZATION_LEVEL = 0;
				GCC_PREPROCESSOR_DEFINITIONS = (
					"DEBUG=1",
					"$(inherited)",
				);
				GCC_SYMBOLS_PRIVATE_EXTERN = NO;
				GCC_WARN_64_TO_32_BIT_CONVERSION = YES;
				GCC_WARN_ABOUT_RETURN_TYPE = YES_ERROR;
				GCC_WARN_UNDECLARED_SELECTOR = YES;
				GCC_WARN_UNINITIALIZED_AUTOS = YES_AGGRESSIVE;
				GCC_WARN_UNUSED_FUNCTION = YES;
				GCC_WARN_UNUSED_VARIABLE = YES;
				IPHONEOS_DEPLOYMENT_TARGET = 8.1;
				MTL_ENABLE_DEBUG_INFO = YES;
				ONLY_ACTIVE_ARCH = YES;
				SDKROOT = iphoneos;
			};
			name = Debug;
		};
/* End XCBuildConfiguration section */

/* Begin XCConfigurationList section */
		7EECE1A13D69E17A5A7F8288 /* Build configuration list for PBXProject "Matchismo" */ = {
			isa = XCConfigurationList;
			buildConfigurations = (
				7EECEFB9176C00DCE7091F2D /* Debug */,
				7EECEB6834E615F5F4CD8806 /* Release */,
			);
			defaultConfigurationIsVisible = 0;
			defaultConfigurationName = Release;
		};
		7EECE8EE962950122FB90ADF /* Build configuration list for PBXNativeTarget "MatchismoTests" */ = {
			isa = XCConfigurationList;
			buildConfigurations = (
				7EECE2C665F6F967751EC9FC /* Debug */,
				7EECE640884B53B0A5462FD6 /* Release */,
			);
			defaultConfigurationIsVisible = 0;
		};
		7EECEAA8F651D8BDE2ECB634 /* Build configuration list for PBXNativeTarget "Matchismo" */ = {
			isa = XCConfigurationList;
			buildConfigurations = (
				7EECE61621A08D294757842B /* Debug */,
				7EECE094032669378FD6CE01 /* Release */,
			);
			defaultConfigurationIsVisible = 0;
		};
/* End XCConfigurationList section */
	};
	rootObject = 7EECED78A56C0AF15E9C8984 /* Project object */;
}
